
Microsoft Visual Studio Solution File, Format Version 12.00
# Visual Studio Version 17
VisualStudioVersion = 17.8.34330.188
MinimumVisualStudioVersion = 10.0.40219.1
Project("{9A19103F-16F7-4668-BE54-9A1E7A4F7556}") = "Sistema.Rotas.Api", "src\Sistema.Rotas.Api\Sistema.Rotas.Api.csproj", "{32CCE51C-B616-45A1-8E09-02693F408A9A}"
EndProject
Project("{FAE04EC0-301F-11D3-BF4B-00C04F79EFBC}") = "Sistema.Rotas.Domain", "src\Sistema.Rotas.Domain\Sistema.Rotas.Domain.csproj", "{EBABC93C-E302-4404-93AD-9B7A7D165C1B}"
EndProject
Project("{FAE04EC0-301F-11D3-BF4B-00C04F79EFBC}") = "Sistema.Rotas.Data", "src\Sistema.Rotas.Data\Sistema.Rotas.Data.csproj", "{A5C36CF0-A8CB-4963-BC7E-3CA072BB8150}"
EndProject
Global
	GlobalSection(SolutionConfigurationPlatforms) = preSolution
		Debug|Any CPU = Debug|Any CPU
		Release|Any CPU = Release|Any CPU
	EndGlobalSection
	GlobalSection(ProjectConfigurationPlatforms) = postSolution
		{32CCE51C-B616-45A1-8E09-02693F408A9A}.Debug|Any CPU.ActiveCfg = Debug|Any CPU
		{32CCE51C-B616-45A1-8E09-02693F408A9A}.Debug|Any CPU.Build.0 = Debug|Any CPU
		{32CCE51C-B616-45A1-8E09-02693F408A9A}.Release|Any CPU.ActiveCfg = Release|Any CPU
		{32CCE51C-B616-45A1-8E09-02693F408A9A}.Release|Any CPU.Build.0 = Release|Any CPU
		{EBABC93C-E302-4404-93AD-9B7A7D165C1B}.Debug|Any CPU.ActiveCfg = Debug|Any CPU
		{EBABC93C-E302-4404-93AD-9B7A7D165C1B}.Debug|Any CPU.Build.0 = Debug|Any CPU
		{EBABC93C-E302-4404-93AD-9B7A7D165C1B}.Release|Any CPU.ActiveCfg = Release|Any CPU
		{EBABC93C-E302-4404-93AD-9B7A7D165C1B}.Release|Any CPU.Build.0 = Release|Any CPU
		{A5C36CF0-A8CB-4963-BC7E-3CA072BB8150}.Debug|Any CPU.ActiveCfg = Debug|Any CPU
		{A5C36CF0-A8CB-4963-BC7E-3CA072BB8150}.Debug|Any CPU.Build.0 = Debug|Any CPU
		{A5C36CF0-A8CB-4963-BC7E-3CA072BB8150}.Release|Any CPU.ActiveCfg = Release|Any CPU
		{A5C36CF0-A8CB-4963-BC7E-3CA072BB8150}.Release|Any CPU.Build.0 = Release|Any CPU
	EndGlobalSection
	GlobalSection(SolutionProperties) = preSolution
		HideSolutionNode = FALSE
	EndGlobalSection
	GlobalSection(ExtensibilityGlobals) = postSolution
		SolutionGuid = {6CB69C4B-DF3A-45B6-840E-A74B64388969}
	EndGlobalSection
EndGlobal
